
Microsoft Visual Studio Solution File, Format Version 12.00
# Visual Studio 15
VisualStudioVersion = 15.0.26430.12
MinimumVisualStudioVersion = 10.0.40219.1
Project("{FAE04EC0-301F-11D3-BF4B-00C04F79EFBC}") = "DisplaySchedule", "studsched\DisplaySchedule.csproj", "{ED1BDDD3-4C8E-4332-A0B5-077AFE7B978F}"
EndProject
Project("{FAE04EC0-301F-11D3-BF4B-00C04F79EFBC}") = "MakeSchedule", "MakeSchedule\MakeSchedule.csproj", "{0DD69E58-3616-45FE-A997-A14A4F60C4CC}"
EndProject
Global
	GlobalSection(SolutionConfigurationPlatforms) = preSolution
		Debug|Any CPU = Debug|Any CPU
		Release|Any CPU = Release|Any CPU
	EndGlobalSection
	GlobalSection(ProjectConfigurationPlatforms) = postSolution
		{ED1BDDD3-4C8E-4332-A0B5-077AFE7B978F}.Debug|Any CPU.ActiveCfg = Debug|Any CPU
		{ED1BDDD3-4C8E-4332-A0B5-077AFE7B978F}.Debug|Any CPU.Build.0 = Debug|Any CPU
		{ED1BDDD3-4C8E-4332-A0B5-077AFE7B978F}.Release|Any CPU.ActiveCfg = Release|Any CPU
		{ED1BDDD3-4C8E-4332-A0B5-077AFE7B978F}.Release|Any CPU.Build.0 = Release|Any CPU
		{0DD69E58-3616-45FE-A997-A14A4F60C4CC}.Debug|Any CPU.ActiveCfg = Debug|Any CPU
		{0DD69E58-3616-45FE-A997-A14A4F60C4CC}.Debug|Any CPU.Build.0 = Debug|Any CPU
		{0DD69E58-3616-45FE-A997-A14A4F60C4CC}.Release|Any CPU.ActiveCfg = Release|Any CPU
		{0DD69E58-3616-45FE-A997-A14A4F60C4CC}.Release|Any CPU.Build.0 = Release|Any CPU
	EndGlobalSection
	GlobalSection(SolutionProperties) = preSolution
		HideSolutionNode = FALSE
	EndGlobalSection
EndGlobal
